
Microsoft Visual Studio Solution File, Format Version 12.00
# Visual Studio Version 16
VisualStudioVersion = 16.0.31515.178
MinimumVisualStudioVersion = 10.0.40219.1
Project("{FAE04EC0-301F-11D3-BF4B-00C04F79EFBC}") = "ShoppingHelperForms.Android", "ShoppingHelperForms\ShoppingHelperForms.Android\ShoppingHelperForms.Android.csproj", "{46A4F265-A1D0-4F30-9F4B-21529298A736}"
EndProject
Project("{FAE04EC0-301F-11D3-BF4B-00C04F79EFBC}") = "ShoppingHelperForms.iOS", "ShoppingHelperForms\ShoppingHelperForms.iOS\ShoppingHelperForms.iOS.csproj", "{62080A84-486B-4595-AA34-D9E190CA1882}"
EndProject
Project("{FAE04EC0-301F-11D3-BF4B-00C04F79EFBC}") = "ShoppingHelperForms", "ShoppingHelperForms\ShoppingHelperForms\ShoppingHelperForms.csproj", "{E6EF1FFF-6893-4CA3-A225-BBAA0610766D}"
EndProject
Project("{2150E333-8FDC-42A3-9474-1A3956D46DE8}") = "Test", "Test", "{B33FBC2B-72E3-4834-98FB-B8B54AB1E3D1}"
EndProject
Project("{FAE04EC0-301F-11D3-BF4B-00C04F79EFBC}") = "ShoppingHelperTest", "ShoppingHelperTest\ShoppingHelperTest.csproj", "{A20EF163-011A-4E9F-9707-AD452409F2D4}"
EndProject
Global
	GlobalSection(SolutionConfigurationPlatforms) = preSolution
		Debug|Any CPU = Debug|Any CPU
		Debug|iPhone = Debug|iPhone
		Debug|iPhoneSimulator = Debug|iPhoneSimulator
		Release|Any CPU = Release|Any CPU
		Release|iPhone = Release|iPhone
		Release|iPhoneSimulator = Release|iPhoneSimulator
	EndGlobalSection
	GlobalSection(ProjectConfigurationPlatforms) = postSolution
		{46A4F265-A1D0-4F30-9F4B-21529298A736}.Debug|Any CPU.ActiveCfg = Debug|Any CPU
		{46A4F265-A1D0-4F30-9F4B-21529298A736}.Debug|Any CPU.Build.0 = Debug|Any CPU
		{46A4F265-A1D0-4F30-9F4B-21529298A736}.Debug|Any CPU.Deploy.0 = Debug|Any CPU
		{46A4F265-A1D0-4F30-9F4B-21529298A736}.Debug|iPhone.ActiveCfg = Debug|Any CPU
		{46A4F265-A1D0-4F30-9F4B-21529298A736}.Debug|iPhone.Build.0 = Debug|Any CPU
		{46A4F265-A1D0-4F30-9F4B-21529298A736}.Debug|iPhone.Deploy.0 = Debug|Any CPU
		{46A4F265-A1D0-4F30-9F4B-21529298A736}.Debug|iPhoneSimulator.ActiveCfg = Debug|Any CPU
		{46A4F265-A1D0-4F30-9F4B-21529298A736}.Debug|iPhoneSimulator.Build.0 = Debug|Any CPU
		{46A4F265-A1D0-4F30-9F4B-21529298A736}.Debug|iPhoneSimulator.Deploy.0 = Debug|Any CPU
		{46A4F265-A1D0-4F30-9F4B-21529298A736}.Release|Any CPU.ActiveCfg = Release|Any CPU
		{46A4F265-A1D0-4F30-9F4B-21529298A736}.Release|Any CPU.Build.0 = Release|Any CPU
		{46A4F265-A1D0-4F30-9F4B-21529298A736}.Release|Any CPU.Deploy.0 = Release|Any CPU
		{46A4F265-A1D0-4F30-9F4B-21529298A736}.Release|iPhone.ActiveCfg = Release|Any CPU
		{46A4F265-A1D0-4F30-9F4B-21529298A736}.Release|iPhone.Build.0 = Release|Any CPU
		{46A4F265-A1D0-4F30-9F4B-21529298A736}.Release|iPhone.Deploy.0 = Release|Any CPU
		{46A4F265-A1D0-4F30-9F4B-21529298A736}.Release|iPhoneSimulator.ActiveCfg = Release|Any CPU
		{46A4F265-A1D0-4F30-9F4B-21529298A736}.Release|iPhoneSimulator.Build.0 = Release|Any CPU
		{46A4F265-A1D0-4F30-9F4B-21529298A736}.Release|iPhoneSimulator.Deploy.0 = Release|Any CPU
		{62080A84-486B-4595-AA34-D9E190CA1882}.Debug|Any CPU.ActiveCfg = Debug|iPhone
		{62080A84-486B-4595-AA34-D9E190CA1882}.Debug|Any CPU.Build.0 = Debug|iPhone
		{62080A84-486B-4595-AA34-D9E190CA1882}.Debug|Any CPU.Deploy.0 = Debug|iPhone
		{62080A84-486B-4595-AA34-D9E190CA1882}.Debug|iPhone.ActiveCfg = Debug|iPhone
		{62080A84-486B-4595-AA34-D9E190CA1882}.Debug|iPhone.Build.0 = Debug|iPhone
		{62080A84-486B-4595-AA34-D9E190CA1882}.Debug|iPhone.Deploy.0 = Debug|iPhone
		{62080A84-486B-4595-AA34-D9E190CA1882}.Debug|iPhoneSimulator.ActiveCfg = Debug|iPhoneSimulator
		{62080A84-486B-4595-AA34-D9E190CA1882}.Debug|iPhoneSimulator.Build.0 = Debug|iPhoneSimulator
		{62080A84-486B-4595-AA34-D9E190CA1882}.Debug|iPhoneSimulator.Deploy.0 = Debug|iPhoneSimulator
		{62080A84-486B-4595-AA34-D9E190CA1882}.Release|Any CPU.ActiveCfg = Release|iPhoneSimulator
		{62080A84-486B-4595-AA34-D9E190CA1882}.Release|Any CPU.Build.0 = Release|iPhoneSimulator
		{62080A84-486B-4595-AA34-D9E190CA1882}.Release|Any CPU.Deploy.0 = Release|iPhoneSimulator
		{62080A84-486B-4595-AA34-D9E190CA1882}.Release|iPhone.ActiveCfg = Release|iPhone
		{62080A84-486B-4595-AA34-D9E190CA1882}.Release|iPhone.Build.0 = Release|iPhone
		{62080A84-486B-4595-AA34-D9E190CA1882}.Release|iPhone.Deploy.0 = Release|iPhone
		{62080A84-486B-4595-AA34-D9E190CA1882}.Release|iPhoneSimulator.ActiveCfg = Release|iPhoneSimulator
		{62080A84-486B-4595-AA34-D9E190CA1882}.Release|iPhoneSimulator.Build.0 = Release|iPhoneSimulator
		{62080A84-486B-4595-AA34-D9E190CA1882}.Release|iPhoneSimulator.Deploy.0 = Release|iPhoneSimulator
		{E6EF1FFF-6893-4CA3-A225-BBAA0610766D}.Debug|Any CPU.ActiveCfg = Debug|Any CPU
		{E6EF1FFF-6893-4CA3-A225-BBAA0610766D}.Debug|Any CPU.Build.0 = Debug|Any CPU
		{E6EF1FFF-6893-4CA3-A225-BBAA0610766D}.Debug|Any CPU.Deploy.0 = Debug|Any CPU
		{E6EF1FFF-6893-4CA3-A225-BBAA0610766D}.Debug|iPhone.ActiveCfg = Debug|Any CPU
		{E6EF1FFF-6893-4CA3-A225-BBAA0610766D}.Debug|iPhone.Build.0 = Debug|Any CPU
		{E6EF1FFF-6893-4CA3-A225-BBAA0610766D}.Debug|iPhone.Deploy.0 = Debug|Any CPU
		{E6EF1FFF-6893-4CA3-A225-BBAA0610766D}.Debug|iPhoneSimulator.ActiveCfg = Debug|Any CPU
		{E6EF1FFF-6893-4CA3-A225-BBAA0610766D}.Debug|iPhoneSimulator.Build.0 = Debug|Any CPU
		{E6EF1FFF-6893-4CA3-A225-BBAA0610766D}.Debug|iPhoneSimulator.Deploy.0 = Debug|Any CPU
		{E6EF1FFF-6893-4CA3-A225-BBAA0610766D}.Release|Any CPU.ActiveCfg = Release|Any CPU
		{E6EF1FFF-6893-4CA3-A225-BBAA0610766D}.Release|Any CPU.Build.0 = Release|Any CPU
		{E6EF1FFF-6893-4CA3-A225-BBAA0610766D}.Release|Any CPU.Deploy.0 = Release|Any CPU
		{E6EF1FFF-6893-4CA3-A225-BBAA0610766D}.Release|iPhone.ActiveCfg = Release|Any CPU
		{E6EF1FFF-6893-4CA3-A225-BBAA0610766D}.Release|iPhone.Build.0 = Release|Any CPU
		{E6EF1FFF-6893-4CA3-A225-BBAA0610766D}.Release|iPhone.Deploy.0 = Release|Any CPU
		{E6EF1FFF-6893-4CA3-A225-BBAA0610766D}.Release|iPhoneSimulator.ActiveCfg = Release|Any CPU
		{E6EF1FFF-6893-4CA3-A225-BBAA0610766D}.Release|iPhoneSimulator.Build.0 = Release|Any CPU
		{E6EF1FFF-6893-4CA3-A225-BBAA0610766D}.Release|iPhoneSimulator.Deploy.0 = Release|Any CPU
		{A20EF163-011A-4E9F-9707-AD452409F2D4}.Debug|Any CPU.ActiveCfg = Debug|Any CPU
		{A20EF163-011A-4E9F-9707-AD452409F2D4}.Debug|Any CPU.Build.0 = Debug|Any CPU
		{A20EF163-011A-4E9F-9707-AD452409F2D4}.Debug|iPhone.ActiveCfg = Debug|Any CPU
		{A20EF163-011A-4E9F-9707-AD452409F2D4}.Debug|iPhone.Build.0 = Debug|Any CPU
		{A20EF163-011A-4E9F-9707-AD452409F2D4}.Debug|iPhoneSimulator.ActiveCfg = Debug|Any CPU
		{A20EF163-011A-4E9F-9707-AD452409F2D4}.Debug|iPhoneSimulator.Build.0 = Debug|Any CPU
		{A20EF163-011A-4E9F-9707-AD452409F2D4}.Release|Any CPU.ActiveCfg = Release|Any CPU
		{A20EF163-011A-4E9F-9707-AD452409F2D4}.Release|Any CPU.Build.0 = Release|Any CPU
		{A20EF163-011A-4E9F-9707-AD452409F2D4}.Release|iPhone.ActiveCfg = Release|Any CPU
		{A20EF163-011A-4E9F-9707-AD452409F2D4}.Release|iPhone.Build.0 = Release|Any CPU
		{A20EF163-011A-4E9F-9707-AD452409F2D4}.Release|iPhoneSimulator.ActiveCfg = Release|Any CPU
		{A20EF163-011A-4E9F-9707-AD452409F2D4}.Release|iPhoneSimulator.Build.0 = Release|Any CPU
	EndGlobalSection
	GlobalSection(SolutionProperties) = preSolution
		HideSolutionNode = FALSE
	EndGlobalSection
	GlobalSection(NestedProjects) = preSolution
		{A20EF163-011A-4E9F-9707-AD452409F2D4} = {B33FBC2B-72E3-4834-98FB-B8B54AB1E3D1}
	EndGlobalSection
	GlobalSection(ExtensibilityGlobals) = postSolution
		SolutionGuid = {6DB64267-A192-45B4-AE41-765F02FD14AD}
	EndGlobalSection
EndGlobal
